
Microsoft Visual Studio Solution File, Format Version 12.00
#

Project("{FAE04EC0-301F-11D3-BF4B-00C04F79EFBC}") = "APIs", "APIs\APIs.csproj", "{E1757182-D7CA-414E-BE80-AAB37BE53567}"

EndProject
Project("{FAE04EC0-301F-11D3-BF4B-00C04F79EFBC}") = "Logic", "Logic\Logic.csproj", "{81F670C6-2796-4B4E-825D-F45052282275}"
EndProject
Project("{FAE04EC0-301F-11D3-BF4B-00C04F79EFBC}") = "Model", "Model\Model.csproj", "{77092BA0-9A24-4E72-84BE-F24497262279}"
EndProject
Project("{FAE04EC0-301F-11D3-BF4B-00C04F79EFBC}") = "EFCDataAccess", "EFCDataAccess\EFCDataAccess.csproj", "{5DB263E4-8CBF-4AD8-9894-6FA8F2BCDDC4}"
EndProject
Global
	GlobalSection(SolutionConfigurationPlatforms) = preSolution
		Debug|Any CPU = Debug|Any CPU
		Release|Any CPU = Release|Any CPU
	EndGlobalSection
	GlobalSection(ProjectConfigurationPlatforms) = postSolution

		{E1757182-D7CA-414E-BE80-AAB37BE53567}.Debug|Any CPU.ActiveCfg = Debug|Any CPU
		{E1757182-D7CA-414E-BE80-AAB37BE53567}.Debug|Any CPU.Build.0 = Debug|Any CPU
		{E1757182-D7CA-414E-BE80-AAB37BE53567}.Release|Any CPU.ActiveCfg = Release|Any CPU

		{81F670C6-2796-4B4E-825D-F45052282275}.Debug|Any CPU.ActiveCfg = Debug|Any CPU
		{81F670C6-2796-4B4E-825D-F45052282275}.Debug|Any CPU.Build.0 = Debug|Any CPU
		{81F670C6-2796-4B4E-825D-F45052282275}.Release|Any CPU.ActiveCfg = Release|Any CPU
		{81F670C6-2796-4B4E-825D-F45052282275}.Release|Any CPU.Build.0 = Release|Any CPU
		{77092BA0-9A24-4E72-84BE-F24497262279}.Debug|Any CPU.ActiveCfg = Debug|Any CPU
		{77092BA0-9A24-4E72-84BE-F24497262279}.Debug|Any CPU.Build.0 = Debug|Any CPU
		{77092BA0-9A24-4E72-84BE-F24497262279}.Release|Any CPU.ActiveCfg = Release|Any CPU
		{77092BA0-9A24-4E72-84BE-F24497262279}.Release|Any CPU.Build.0 = Release|Any CPU

		{5DB263E4-8CBF-4AD8-9894-6FA8F2BCDDC4}.Debug|Any CPU.ActiveCfg = Debug|Any CPU
		{5DB263E4-8CBF-4AD8-9894-6FA8F2BCDDC4}.Debug|Any CPU.Build.0 = Debug|Any CPU
		{5DB263E4-8CBF-4AD8-9894-6FA8F2BCDDC4}.Release|Any CPU.ActiveCfg = Release|Any CPU
		{5DB263E4-8CBF-4AD8-9894-6FA8F2BCDDC4}.Release|Any CPU.Build.0 = Release|Any CPU
		{0FA345BA-78A0-449C-8443-2ADAA1D7A6DA}.Debug|Any CPU.ActiveCfg = Debug|Any CPU
		{0FA345BA-78A0-449C-8443-2ADAA1D7A6DA}.Debug|Any CPU.Build.0 = Debug|Any CPU
		{0FA345BA-78A0-449C-8443-2ADAA1D7A6DA}.Release|Any CPU.ActiveCfg = Release|Any CPU
		{0FA345BA-78A0-449C-8443-2ADAA1D7A6DA}.Release|Any CPU.Build.0 = Release|Any CPU
	EndGlobalSection
EndGlobal
